{
  "name": "react-leaflet-mgrs-graticule",
  "version": "0.0.1",
  "lockfileVersion": 1,
  "requires": true,
  "dependencies": {
    "@react-leaflet/core": {
      "version": "1.0.2",
      "resolved": "https://registry.npmjs.org/@react-leaflet/core/-/core-1.0.2.tgz",
      "integrity": "sha512-QbleYZTMcgujAEyWGki8Lx6cXQqWkNtQlqf5c7NImlIp8bKW66bFpez/6EVatW7+p9WKBOEOVci/9W7WW70EZg=="
    },
    "@types/geojson": {
      "version": "7946.0.7",
      "resolved": "https://registry.npmjs.org/@types/geojson/-/geojson-7946.0.7.tgz",
      "integrity": "sha512-wE2v81i4C4Ol09RtsWFAqg3BUitWbHSpSlIo+bNdsCJijO9sjme+zm+73ZMCa/qMC8UEERxzGbvmr1cffo2SiQ==",
      "dev": true
    },
    "@types/leaflet": {
      "version": "1.5.19",
      "resolved": "https://registry.npmjs.org/@types/leaflet/-/leaflet-1.5.19.tgz",
      "integrity": "sha512-ZAKqfvdU/+KFoCpf8aUba09F8mfSc8R2esq++Cha3E2DgwS5K/I/4eJ+0JylrVHZivgY7PSAeXFv/izP+81/MQ==",
      "dev": true,
      "requires": {
        "@types/geojson": "*"
      }
    },
    "@types/prop-types": {
      "version": "15.7.3",
      "resolved": "https://registry.npmjs.org/@types/prop-types/-/prop-types-15.7.3.tgz",
      "integrity": "sha512-KfRL3PuHmqQLOG+2tGpRO26Ctg+Cq1E01D2DMriKEATHgWLfeNDmq9e29Q9WIky0dQ3NPkd1mzYH8Lm936Z9qw==",
      "dev": true
    },
    "@types/react": {
      "version": "17.0.0",
      "resolved": "https://registry.npmjs.org/@types/react/-/react-17.0.0.tgz",
      "integrity": "sha512-aj/L7RIMsRlWML3YB6KZiXB3fV2t41+5RBGYF8z+tAKU43Px8C3cYUZsDvf1/+Bm4FK21QWBrDutu8ZJ/70qOw==",
      "dev": true,
      "requires": {
        "@types/prop-types": "*",
        "csstype": "^3.0.2"
      }
    },
    "@types/react-leaflet": {
      "version": "2.5.2",
      "resolved": "https://registry.npmjs.org/@types/react-leaflet/-/react-leaflet-2.5.2.tgz",
      "integrity": "sha512-XBNFsBm4wQiz6BpzUMJAMXru+h2ESyW/mAdPoSzEirtF/g0NOwbUvPYnZtpbiW70AEXT40ZONtsu3lxwr/yliA==",
      "dev": true,
      "requires": {
        "@types/leaflet": "*",
        "@types/react": "*"
      }
    },
    "csstype": {
      "version": "3.0.6",
      "resolved": "https://registry.npmjs.org/csstype/-/csstype-3.0.6.tgz",
      "integrity": "sha512-+ZAmfyWMT7TiIlzdqJgjMb7S4f1beorDbWbsocyK4RaiqA5RTX3K14bnBWmmA9QEM0gRdsjyyrEmcyga8Zsxmw==",
      "dev": true
    },
    "geojson": {
      "version": "0.5.0",
      "resolved": "https://registry.npmjs.org/geojson/-/geojson-0.5.0.tgz",
      "integrity": "sha1-PNbJY5m+ZbVu5VWWEW/pGRznAcA="
    },
    "gzd-utils": {
      "version": "1.0.3",
      "resolved": "https://registry.npmjs.org/gzd-utils/-/gzd-utils-1.0.3.tgz",
      "integrity": "sha512-ftWiF7KdTEPjksB/FvULmg1QaijOmY/GMxZnDoXVDVTz8aUWm6+0/B+8EgRm4xUAV4dKEw0weWsUu3MDiid3xQ==",
      "requires": {
        "geojson": "^0.5.0"
      }
    },
    "leaflet": {
      "version": "1.7.1",
      "resolved": "https://registry.npmjs.org/leaflet/-/leaflet-1.7.1.tgz",
      "integrity": "sha512-/xwPEBidtg69Q3HlqPdU3DnrXQOvQU/CCHA1tcDQVzOwm91YMYaILjNp7L4Eaw5Z4sOYdbBz6koWyibppd8Zqw=="
    },
    "mgrs": {
      "version": "1.0.0",
      "resolved": "https://registry.npmjs.org/mgrs/-/mgrs-1.0.0.tgz",
      "integrity": "sha1-+5FYjnjJACVnI5XLQLJffNatGCk="
    },
    "react-leaflet": {
      "version": "3.1.0",
      "resolved": "https://registry.npmjs.org/react-leaflet/-/react-leaflet-3.1.0.tgz",
      "integrity": "sha512-kdZS8NYbYFPmkQr7zSDR2gkKGFeWvkxqoqcmZEckzHL4d5c85dJ2gbbqhaPDpmWWgaRw9O29uA/77qpKmK4mTQ==",
      "requires": {
        "@react-leaflet/core": "^1.0.2"
      }
    },
    "utm-latlng": {
      "version": "1.0.6",
      "resolved": "https://registry.npmjs.org/utm-latlng/-/utm-latlng-1.0.6.tgz",
      "integrity": "sha512-7mDyWVwmrt3HpfbIS5x11arkd+v6R/tkvd8ymQwfGG0gAJypq4HLvALJEBVtX1F3AicAjbNJ1MZd94GJkFsYaQ=="
    }
  }
}
